
Microsoft Visual Studio Solution File, Format Version 12.00
# Visual Studio Version 16
VisualStudioVersion = 16.0.31019.35
MinimumVisualStudioVersion = 10.0.40219.1
Project("{FAE04EC0-301F-11D3-BF4B-00C04F79EFBC}") = "FullPaintProject", "FullPaintProject\FullPaintProject.csproj", "{EB66DFE0-1868-4F87-8D42-15071A804288}"
EndProject
Project("{2150E333-8FDC-42A3-9474-1A3956D46DE8}") = "Solution Items", "Solution Items", "{67C12D64-9980-4DC2-B03E-2BE07E230562}"
	ProjectSection(SolutionItems) = preProject
		.editorconfig = .editorconfig
	EndProjectSection
EndProject
Project("{FAE04EC0-301F-11D3-BF4B-00C04F79EFBC}") = "FullPaintProjectTests", "FullPaintProjectTests\FullPaintProjectTests.csproj", "{1B3AA398-23AF-437B-B885-DF8AE592EC1C}"
EndProject
Global
	GlobalSection(SolutionConfigurationPlatforms) = preSolution
		Debug|Any CPU = Debug|Any CPU
		Release|Any CPU = Release|Any CPU
	EndGlobalSection
	GlobalSection(ProjectConfigurationPlatforms) = postSolution
		{EB66DFE0-1868-4F87-8D42-15071A804288}.Debug|Any CPU.ActiveCfg = Debug|Any CPU
		{EB66DFE0-1868-4F87-8D42-15071A804288}.Debug|Any CPU.Build.0 = Debug|Any CPU
		{EB66DFE0-1868-4F87-8D42-15071A804288}.Release|Any CPU.ActiveCfg = Release|Any CPU
		{EB66DFE0-1868-4F87-8D42-15071A804288}.Release|Any CPU.Build.0 = Release|Any CPU
		{1B3AA398-23AF-437B-B885-DF8AE592EC1C}.Debug|Any CPU.ActiveCfg = Debug|Any CPU
		{1B3AA398-23AF-437B-B885-DF8AE592EC1C}.Debug|Any CPU.Build.0 = Debug|Any CPU
		{1B3AA398-23AF-437B-B885-DF8AE592EC1C}.Release|Any CPU.ActiveCfg = Release|Any CPU
		{1B3AA398-23AF-437B-B885-DF8AE592EC1C}.Release|Any CPU.Build.0 = Release|Any CPU
	EndGlobalSection
	GlobalSection(SolutionProperties) = preSolution
		HideSolutionNode = FALSE
	EndGlobalSection
	GlobalSection(ExtensibilityGlobals) = postSolution
		SolutionGuid = {BD063BD4-64EB-4386-835A-1A0DA2E9F887}
	EndGlobalSection
EndGlobal
